{
  "requires": true,
  "lockfileVersion": 1,
  "dependencies": {
    "flatpickr": {
      "version": "4.6.9",
      "resolved": "https://registry.npmjs.org/flatpickr/-/flatpickr-4.6.9.tgz",
      "integrity": "sha512-F0azNNi8foVWKSF+8X+ZJzz8r9sE1G4hl06RyceIaLvyltKvDl6vqk9Lm/6AUUCi5HWaIjiUbk7UpeE/fOXOpw=="
    },
    "moment": {
      "version": "2.29.1",
      "resolved": "https://registry.npmjs.org/moment/-/moment-2.29.1.tgz",
      "integrity": "sha512-kHmoybcPV8Sqy59DwNDY3Jefr64lK/by/da0ViFcuA4DH0vQg5Q6Ze5VimxkfQNSC+Mls/Kx53s7TjP1RhFEDQ=="
    }
  }
}
